
Microsoft Visual Studio Solution File, Format Version 12.00
# Visual Studio Version 16
VisualStudioVersion = 16.0.30517.126
MinimumVisualStudioVersion = 10.0.40219.1
Project("{778DAE3C-4631-46EA-AA77-85C1314464D9}") = "BlueHeron.CronBuilder", "BlueHeron.CronBuilder\BlueHeron.CronBuilder.vbproj", "{A88DDBF0-06EF-48D8-82A6-6EAB3A2FC5D4}"
EndProject
Project("{778DAE3C-4631-46EA-AA77-85C1314464D9}") = "BlueHeron.CronBuilder.Test", "BlueHeron.CronBuilder.Test\BlueHeron.CronBuilder.Test.vbproj", "{F54258E2-69F1-40B1-9B24-C8350E7844E7}"
EndProject
Project("{7CF6DF6D-3B04-46F8-A40B-537D21BCA0B4}") = "BlueHeron.CronBuilder.Documentation", "BlueHeron.CronBuilder.Documentation\BlueHeron.CronBuilder.Documentation.shfbproj", "{956AF179-B8F9-47F0-AC37-293E8237C4CB}"
EndProject
Global
	GlobalSection(SolutionConfigurationPlatforms) = preSolution
		Debug|Any CPU = Debug|Any CPU
		Release|Any CPU = Release|Any CPU
	EndGlobalSection
	GlobalSection(ProjectConfigurationPlatforms) = postSolution
		{A88DDBF0-06EF-48D8-82A6-6EAB3A2FC5D4}.Debug|Any CPU.ActiveCfg = Debug|Any CPU
		{A88DDBF0-06EF-48D8-82A6-6EAB3A2FC5D4}.Debug|Any CPU.Build.0 = Debug|Any CPU
		{A88DDBF0-06EF-48D8-82A6-6EAB3A2FC5D4}.Release|Any CPU.ActiveCfg = Release|Any CPU
		{A88DDBF0-06EF-48D8-82A6-6EAB3A2FC5D4}.Release|Any CPU.Build.0 = Release|Any CPU
		{F54258E2-69F1-40B1-9B24-C8350E7844E7}.Debug|Any CPU.ActiveCfg = Debug|Any CPU
		{F54258E2-69F1-40B1-9B24-C8350E7844E7}.Debug|Any CPU.Build.0 = Debug|Any CPU
		{F54258E2-69F1-40B1-9B24-C8350E7844E7}.Release|Any CPU.ActiveCfg = Release|Any CPU
		{F54258E2-69F1-40B1-9B24-C8350E7844E7}.Release|Any CPU.Build.0 = Release|Any CPU
		{956AF179-B8F9-47F0-AC37-293E8237C4CB}.Debug|Any CPU.ActiveCfg = Debug|Any CPU
		{956AF179-B8F9-47F0-AC37-293E8237C4CB}.Debug|Any CPU.Build.0 = Debug|Any CPU
		{956AF179-B8F9-47F0-AC37-293E8237C4CB}.Release|Any CPU.ActiveCfg = Release|Any CPU
		{956AF179-B8F9-47F0-AC37-293E8237C4CB}.Release|Any CPU.Build.0 = Release|Any CPU
	EndGlobalSection
	GlobalSection(SolutionProperties) = preSolution
		HideSolutionNode = FALSE
	EndGlobalSection
	GlobalSection(ExtensibilityGlobals) = postSolution
		SolutionGuid = {128C47F2-AF02-4388-B54F-CAE41228F627}
	EndGlobalSection
EndGlobal
